// !$*UTF8*$!
{
	archiveVersion = 1;
	classes = {
	};
	objectVersion = 50;
	objects = {

/* Begin PBXBuildFile section */
		F24C0823266FD298008E7A21 /* AppDelegate.swift in Sources */ = {isa = PBXBuildFile; fileRef = F24C0822266FD298008E7A21 /* AppDelegate.swift */; };
		F24C0825266FD298008E7A21 /* SceneDelegate.swift in Sources */ = {isa = PBXBuildFile; fileRef = F24C0824266FD298008E7A21 /* SceneDelegate.swift */; };
		F24C0827266FD298008E7A21 /* ViewController.swift in Sources */ = {isa = PBXBuildFile; fileRef = F24C0826266FD298008E7A21 /* ViewController.swift */; };
		F24C082A266FD299008E7A21 /* Main.storyboard in Resources */ = {isa = PBXBuildFile; fileRef = F24C0828266FD299008E7A21 /* Main.storyboard */; };
		F24C082C266FD29F008E7A21 /* Assets.xcassets in Resources */ = {isa = PBXBuildFile; fileRef = F24C082B266FD29F008E7A21 /* Assets.xcassets */; };
		F24C082F266FD29F008E7A21 /* LaunchScreen.storyboard in Resources */ = {isa = PBXBuildFile; fileRef = F24C082D266FD29F008E7A21 /* LaunchScreen.storyboard */; };
		F24C083A266FD2A0008E7A21 /* MandalaTests.swift in Sources */ = {isa = PBXBuildFile; fileRef = F24C0839266FD2A0008E7A21 /* MandalaTests.swift */; };
		F24C0845266FD2A0008E7A21 /* MandalaUITests.swift in Sources */ = {isa = PBXBuildFile; fileRef = F24C0844266FD2A0008E7A21 /* MandalaUITests.swift */; };
		F24C0856266FD33D008E7A21 /* Mood.swift in Sources */ = {isa = PBXBuildFile; fileRef = F24C0855266FD33D008E7A21 /* Mood.swift */; };
		F24C085B266FD383008E7A21 /* MoodEntry.swift in Sources */ = {isa = PBXBuildFile; fileRef = F24C085A266FD383008E7A21 /* MoodEntry.swift */; };
		F24C0860266FD670008E7A21 /* UIColor+Mandala.swift in Sources */ = {isa = PBXBuildFile; fileRef = F24C085F266FD670008E7A21 /* UIColor+Mandala.swift */; };
		F24C0865266FD709008E7A21 /* UIImage+Mandala.swift in Sources */ = {isa = PBXBuildFile; fileRef = F24C0864266FD709008E7A21 /* UIImage+Mandala.swift */; };
/* End PBXBuildFile section */

/* Begin PBXContainerItemProxy section */
		F24C0836266FD2A0008E7A21 /* PBXContainerItemProxy */ = {
			isa = PBXContainerItemProxy;
			containerPortal = F24C0817266FD298008E7A21 /* Project object */;
			proxyType = 1;
			remoteGlobalIDString = F24C081E266FD298008E7A21;
			remoteInfo = Mandala;
		};
		F24C0841266FD2A0008E7A21 /* PBXContainerItemProxy */ = {
			isa = PBXContainerItemProxy;
			containerPortal = F24C0817266FD298008E7A21 /* Project object */;
			proxyType = 1;
			remoteGlobalIDString = F24C081E266FD298008E7A21;
			remoteInfo = Mandala;
		};
/* End PBXContainerItemProxy section */

/* Begin PBXFileReference section */
		F24C081F266FD298008E7A21 /* Mandala.app */ = {isa = PBXFileReference; explicitFileType = wrapper.application; includeInIndex = 0; path = Mandala.app; sourceTree = BUILT_PRODUCTS_DIR; };
		F24C0822266FD298008E7A21 /* AppDelegate.swift */ = {isa = PBXFileReference; lastKnownFileType = sourcecode.swift; path = AppDelegate.swift; sourceTree = "<group>"; };
		F24C0824266FD298008E7A21 /* SceneDelegate.swift */ = {isa = PBXFileReference; lastKnownFileType = sourcecode.swift; path = SceneDelegate.swift; sourceTree = "<group>"; };
		F24C0826266FD298008E7A21 /* ViewController.swift */ = {isa = PBXFileReference; lastKnownFileType = sourcecode.swift; path = ViewController.swift; sourceTree = "<group>"; };
		F24C0829266FD299008E7A21 /* Base */ = {isa = PBXFileReference; lastKnownFileType = file.storyboard; name = Base; path = Base.lproj/Main.storyboard; sourceTree = "<group>"; };
		F24C082B266FD29F008E7A21 /* Assets.xcassets */ = {isa = PBXFileReference; lastKnownFileType = folder.assetcatalog; path = Assets.xcassets; sourceTree = "<group>"; };
		F24C082E266FD29F008E7A21 /* Base */ = {isa = PBXFileReference; lastKnownFileType = file.storyboard; name = Base; path = Base.lproj/LaunchScreen.storyboard; sourceTree = "<group>"; };
		F24C0830266FD29F008E7A21 /* Info.plist */ = {isa = PBXFileReference; lastKnownFileType = text.plist.xml; path = Info.plist; sourceTree = "<group>"; };
		F24C0835266FD2A0008E7A21 /* MandalaTests.xctest */ = {isa = PBXFileReference; explicitFileType = wrapper.cfbundle; includeInIndex = 0; path = MandalaTests.xctest; sourceTree = BUILT_PRODUCTS_DIR; };
		F24C0839266FD2A0008E7A21 /* MandalaTests.swift */ = {isa = PBXFileReference; lastKnownFileType = sourcecode.swift; path = MandalaTests.swift; sourceTree = "<group>"; };
		F24C083B266FD2A0008E7A21 /* Info.plist */ = {isa = PBXFileReference; lastKnownFileType = text.plist.xml; path = Info.plist; sourceTree = "<group>"; };
		F24C0840266FD2A0008E7A21 /* MandalaUITests.xctest */ = {isa = PBXFileReference; explicitFileType = wrapper.cfbundle; includeInIndex = 0; path = MandalaUITests.xctest; sourceTree = BUILT_PRODUCTS_DIR; };
		F24C0844266FD2A0008E7A21 /* MandalaUITests.swift */ = {isa = PBXFileReference; lastKnownFileType = sourcecode.swift; path = MandalaUITests.swift; sourceTree = "<group>"; };
		F24C0846266FD2A0008E7A21 /* Info.plist */ = {isa = PBXFileReference; lastKnownFileType = text.plist.xml; path = Info.plist; sourceTree = "<group>"; };
		F24C0855266FD33D008E7A21 /* Mood.swift */ = {isa = PBXFileReference; lastKnownFileType = sourcecode.swift; path = Mood.swift; sourceTree = "<group>"; };
		F24C085A266FD383008E7A21 /* MoodEntry.swift */ = {isa = PBXFileReference; lastKnownFileType = sourcecode.swift; path = MoodEntry.swift; sourceTree = "<group>"; };
		F24C085F266FD670008E7A21 /* UIColor+Mandala.swift */ = {isa = PBXFileReference; lastKnownFileType = sourcecode.swift; path = "UIColor+Mandala.swift"; sourceTree = "<group>"; };
		F24C0864266FD709008E7A21 /* UIImage+Mandala.swift */ = {isa = PBXFileReference; lastKnownFileType = sourcecode.swift; path = "UIImage+Mandala.swift"; sourceTree = "<group>"; };
/* End PBXFileReference section */

/* Begin PBXFrameworksBuildPhase section */
		F24C081C266FD298008E7A21 /* Frameworks */ = {
			isa = PBXFrameworksBuildPhase;
			buildActionMask = 2147483647;
			files = (
			);
			runOnlyForDeploymentPostprocessing = 0;
		};
		F24C0832266FD2A0008E7A21 /* Frameworks */ = {
			isa = PBXFrameworksBuildPhase;
			buildActionMask = 2147483647;
			files = (
			);
			runOnlyForDeploymentPostprocessing = 0;
		};
		F24C083D266FD2A0008E7A21 /* Frameworks */ = {
			isa = PBXFrameworksBuildPhase;
			buildActionMask = 2147483647;
			files = (
			);
			runOnlyForDeploymentPostprocessing = 0;
		};
/* End PBXFrameworksBuildPhase section */

/* Begin PBXGroup section */
		F24C0816266FD298008E7A21 = {
			isa = PBXGroup;
			children = (
				F24C0821266FD298008E7A21 /* Mandala */,
				F24C0838266FD2A0008E7A21 /* MandalaTests */,
				F24C0843266FD2A0008E7A21 /* MandalaUITests */,
				F24C0820266FD298008E7A21 /* Products */,
			);
			sourceTree = "<group>";
		};
		F24C0820266FD298008E7A21 /* Products */ = {
			isa = PBXGroup;
			children = (
				F24C081F266FD298008E7A21 /* Mandala.app */,
				F24C0835266FD2A0008E7A21 /* MandalaTests.xctest */,
				F24C0840266FD2A0008E7A21 /* MandalaUITests.xctest */,
			);
			name = Products;
			sourceTree = "<group>";
		};
		F24C0821266FD298008E7A21 /* Mandala */ = {
			isa = PBXGroup;
			children = (
				F24C0822266FD298008E7A21 /* AppDelegate.swift */,
				F24C0824266FD298008E7A21 /* SceneDelegate.swift */,
				F24C0826266FD298008E7A21 /* ViewController.swift */,
				F24C0828266FD299008E7A21 /* Main.storyboard */,
				F24C082B266FD29F008E7A21 /* Assets.xcassets */,
				F24C082D266FD29F008E7A21 /* LaunchScreen.storyboard */,
				F24C0830266FD29F008E7A21 /* Info.plist */,
				F24C0855266FD33D008E7A21 /* Mood.swift */,
				F24C085A266FD383008E7A21 /* MoodEntry.swift */,
				F24C085F266FD670008E7A21 /* UIColor+Mandala.swift */,
				F24C0864266FD709008E7A21 /* UIImage+Mandala.swift */,
			);
			path = Mandala;
			sourceTree = "<group>";
		};
		F24C0838266FD2A0008E7A21 /* MandalaTests */ = {
			isa = PBXGroup;
			children = (
				F24C0839266FD2A0008E7A21 /* MandalaTests.swift */,
				F24C083B266FD2A0008E7A21 /* Info.plist */,
			);
			path = MandalaTests;
			sourceTree = "<group>";
		};
		F24C0843266FD2A0008E7A21 /* MandalaUITests */ = {
			isa = PBXGroup;
			children = (
				F24C0844266FD2A0008E7A21 /* MandalaUITests.swift */,
				F24C0846266FD2A0008E7A21 /* Info.plist */,
			);
			path = MandalaUITests;
			sourceTree = "<group>";
		};
/* End PBXGroup section */

/* Begin PBXNativeTarget section */
		F24C081E266FD298008E7A21 /* Mandala */ = {
			isa = PBXNativeTarget;
			buildConfigurationList = F24C0849266FD2A0008E7A21 /* Build configuration list for PBXNativeTarget "Mandala" */;
			buildPhases = (
				F24C081B266FD298008E7A21 /* Sources */,
				F24C081C266FD298008E7A21 /* Frameworks */,
				F24C081D266FD298008E7A21 /* Resources */,
			);
			buildRules = (
			);
			dependencies = (
			);
			name = Mandala;
			productName = Mandala;
			productReference = F24C081F266FD298008E7A21 /* Mandala.app */;
			productType = "com.apple.product-type.application";
		};
		F24C0834266FD2A0008E7A21 /* MandalaTests */ = {
			isa = PBXNativeTarget;
			buildConfigurationList = F24C084C266FD2A0008E7A21 /* Build configuration list for PBXNativeTarget "MandalaTests" */;
			buildPhases = (
				F24C0831266FD2A0008E7A21 /* Sources */,
				F24C0832266FD2A0008E7A21 /* Frameworks */,
				F24C0833266FD2A0008E7A21 /* Resources */,
			);
			buildRules = (
			);
			dependencies = (
				F24C0837266FD2A0008E7A21 /* PBXTargetDependency */,
			);
			name = MandalaTests;
			productName = MandalaTests;
			productReference = F24C0835266FD2A0008E7A21 /* MandalaTests.xctest */;
			productType = "com.apple.product-type.bundle.unit-test";
		};
		F24C083F266FD2A0008E7A21 /* MandalaUITests */ = {
			isa = PBXNativeTarget;
			buildConfigurationList = F24C084F266FD2A0008E7A21 /* Build configuration list for PBXNativeTarget "MandalaUITests" */;
			buildPhases = (
				F24C083C266FD2A0008E7A21 /* Sources */,
				F24C083D266FD2A0008E7A21 /* Frameworks */,
				F24C083E266FD2A0008E7A21 /* Resources */,
			);
			buildRules = (
			);
			dependencies = (
				F24C0842266FD2A0008E7A21 /* PBXTargetDependency */,
			);
			name = MandalaUITests;
			productName = MandalaUITests;
			productReference = F24C0840266FD2A0008E7A21 /* MandalaUITests.xctest */;
			productType = "com.apple.product-type.bundle.ui-testing";
		};
/* End PBXNativeTarget section */

/* Begin PBXProject section */
		F24C0817266FD298008E7A21 /* Project object */ = {
			isa = PBXProject;
			attributes = {
				LastSwiftUpdateCheck = 1240;
				LastUpgradeCheck = 1240;
				TargetAttributes = {
					F24C081E266FD298008E7A21 = {
						CreatedOnToolsVersion = 12.4;
					};
					F24C0834266FD2A0008E7A21 = {
						CreatedOnToolsVersion = 12.4;
						TestTargetID = F24C081E266FD298008E7A21;
					};
					F24C083F266FD2A0008E7A21 = {
						CreatedOnToolsVersion = 12.4;
						TestTargetID = F24C081E266FD298008E7A21;
					};
				};
			};
			buildConfigurationList = F24C081A266FD298008E7A21 /* Build configuration list for PBXProject "Mandala" */;
			compatibilityVersion = "Xcode 9.3";
			developmentRegion = en;
			hasScannedForEncodings = 0;
			knownRegions = (
				en,
				Base,
			);
			mainGroup = F24C0816266FD298008E7A21;
			productRefGroup = F24C0820266FD298008E7A21 /* Products */;
			projectDirPath = "";
			projectRoot = "";
			targets = (
				F24C081E266FD298008E7A21 /* Mandala */,
				F24C0834266FD2A0008E7A21 /* MandalaTests */,
				F24C083F266FD2A0008E7A21 /* MandalaUITests */,
			);
		};
/* End PBXProject section */

/* Begin PBXResourcesBuildPhase section */
		F24C081D266FD298008E7A21 /* Resources */ = {
			isa = PBXResourcesBuildPhase;
			buildActionMask = 2147483647;
			files = (
				F24C082F266FD29F008E7A21 /* LaunchScreen.storyboard in Resources */,
				F24C082C266FD29F008E7A21 /* Assets.xcassets in Resources */,
				F24C082A266FD299008E7A21 /* Main.storyboard in Resources */,
			);
			runOnlyForDeploymentPostprocessing = 0;
		};
		F24C0833266FD2A0008E7A21 /* Resources */ = {
			isa = PBXResourcesBuildPhase;
			buildActionMask = 2147483647;
			files = (
			);
			runOnlyForDeploymentPostprocessing = 0;
		};
		F24C083E266FD2A0008E7A21 /* Resources */ = {
			isa = PBXResourcesBuildPhase;
			buildActionMask = 2147483647;
			files = (
			);
			runOnlyForDeploymentPostprocessing = 0;
		};
/* End PBXResourcesBuildPhase section */

/* Begin PBXSourcesBuildPhase section */
		F24C081B266FD298008E7A21 /* Sources */ = {
			isa = PBXSourcesBuildPhase;
			buildActionMask = 2147483647;
			files = (
				F24C0856266FD33D008E7A21 /* Mood.swift in Sources */,
				F24C0827266FD298008E7A21 /* ViewController.swift in Sources */,
				F24C085B266FD383008E7A21 /* MoodEntry.swift in Sources */,
				F24C0823266FD298008E7A21 /* AppDelegate.swift in Sources */,
				F24C0860266FD670008E7A21 /* UIColor+Mandala.swift in Sources */,
				F24C0865266FD709008E7A21 /* UIImage+Mandala.swift in Sources */,
				F24C0825266FD298008E7A21 /* SceneDelegate.swift in Sources */,
			);
			runOnlyForDeploymentPostprocessing = 0;
		};
		F24C0831266FD2A0008E7A21 /* Sources */ = {
			isa = PBXSourcesBuildPhase;
			buildActionMask = 2147483647;
			files = (
				F24C083A266FD2A0008E7A21 /* MandalaTests.swift in Sources */,
			);
			runOnlyForDeploymentPostprocessing = 0;
		};
		F24C083C266FD2A0008E7A21 /* Sources */ = {
			isa = PBXSourcesBuildPhase;
			buildActionMask = 2147483647;
			files = (
				F24C0845266FD2A0008E7A21 /* MandalaUITests.swift in Sources */,
			);
			runOnlyForDeploymentPostprocessing = 0;
		};
/* End PBXSourcesBuildPhase section */

/* Begin PBXTargetDependency section */
		F24C0837266FD2A0008E7A21 /* PBXTargetDependency */ = {
			isa = PBXTargetDependency;
			target = F24C081E266FD298008E7A21 /* Mandala */;
			targetProxy = F24C0836266FD2A0008E7A21 /* PBXContainerItemProxy */;
		};
		F24C0842266FD2A0008E7A21 /* PBXTargetDependency */ = {
			isa = PBXTargetDependency;
			target = F24C081E266FD298008E7A21 /* Mandala */;
			targetProxy = F24C0841266FD2A0008E7A21 /* PBXContainerItemProxy */;
		};
/* End PBXTargetDependency section */

/* Begin PBXVariantGroup section */
		F24C0828266FD299008E7A21 /* Main.storyboard */ = {
			isa = PBXVariantGroup;
			children = (
				F24C0829266FD299008E7A21 /* Base */,
			);
			name = Main.storyboard;
			sourceTree = "<group>";
		};
		F24C082D266FD29F008E7A21 /* LaunchScreen.storyboard */ = {
			isa = PBXVariantGroup;
			children = (
				F24C082E266FD29F008E7A21 /* Base */,
			);
			name = LaunchScreen.storyboard;
			sourceTree = "<group>";
		};
/* End PBXVariantGroup section */

/* Begin XCBuildConfiguration section */
		F24C0847266FD2A0008E7A21 /* Debug */ = {
			isa = XCBuildConfiguration;
			buildSettings = {
				ALWAYS_SEARCH_USER_PATHS = NO;
				CLANG_ANALYZER_NONNULL = YES;
				CLANG_ANALYZER_NUMBER_OBJECT_CONVERSION = YES_AGGRESSIVE;
				CLANG_CXX_LANGUAGE_STANDARD = "gnu++14";
				CLANG_CXX_LIBRARY = "libc++";
				CLANG_ENABLE_MODULES = YES;
				CLANG_ENABLE_OBJC_ARC = YES;
				CLANG_ENABLE_OBJC_WEAK = YES;
				CLANG_WARN_BLOCK_CAPTURE_AUTORELEASING = YES;
				CLANG_WARN_BOOL_CONVERSION = YES;
				CLANG_WARN_COMMA = YES;
				CLANG_WARN_CONSTANT_CONVERSION = YES;
				CLANG_WARN_DEPRECATED_OBJC_IMPLEMENTATIONS = YES;
				CLANG_WARN_DIRECT_OBJC_ISA_USAGE = YES_ERROR;
				CLANG_WARN_DOCUMENTATION_COMMENTS = YES;
				CLANG_WARN_EMPTY_BODY = YES;
				CLANG_WARN_ENUM_CONVERSION = YES;
				CLANG_WARN_INFINITE_RECURSION = YES;
				CLANG_WARN_INT_CONVERSION = YES;
				CLANG_WARN_NON_LITERAL_NULL_CONVERSION = YES;
				CLANG_WARN_OBJC_IMPLICIT_RETAIN_SELF = YES;
				CLANG_WARN_OBJC_LITERAL_CONVERSION = YES;
				CLANG_WARN_OBJC_ROOT_CLASS = YES_ERROR;
				CLANG_WARN_QUOTED_INCLUDE_IN_FRAMEWORK_HEADER = YES;
				CLANG_WARN_RANGE_LOOP_ANALYSIS = YES;
				CLANG_WARN_STRICT_PROTOTYPES = YES;
				CLANG_WARN_SUSPICIOUS_MOVE = YES;
				CLANG_WARN_UNGUARDED_AVAILABILITY = YES_AGGRESSIVE;
				CLANG_WARN_UNREACHABLE_CODE = YES;
				CLANG_WARN__DUPLICATE_METHOD_MATCH = YES;
				COPY_PHASE_STRIP = NO;
				DEBUG_INFORMATION_FORMAT = dwarf;
				ENABLE_STRICT_OBJC_MSGSEND = YES;
				ENABLE_TESTABILITY = YES;
				GCC_C_LANGUAGE_STANDARD = gnu11;
				GCC_DYNAMIC_NO_PIC = NO;
				GCC_NO_COMMON_BLOCKS = YES;
				GCC_OPTIMIZATION_LEVEL = 0;
				GCC_PREPROCESSOR_DEFINITIONS = (
					"DEBUG=1",
					"$(inherited)",
				);
				GCC_WARN_64_TO_32_BIT_CONVERSION = YES;
				GCC_WARN_ABOUT_RETURN_TYPE = YES_ERROR;
				GCC_WARN_UNDECLARED_SELECTOR = YES;
				GCC_WARN_UNINITIALIZED_AUTOS = YES_AGGRESSIVE;
				GCC_WARN_UNUSED_FUNCTION = YES;
				GCC_WARN_UNUSED_VARIABLE = YES;
				IPHONEOS_DEPLOYMENT_TARGET = 14.4;
				MTL_ENABLE_DEBUG_INFO = INCLUDE_SOURCE;
				MTL_FAST_MATH = YES;
				ONLY_ACTIVE_ARCH = YES;
				SDKROOT = iphoneos;
				SWIFT_ACTIVE_COMPILATION_CONDITIONS = DEBUG;
				SWIFT_OPTIMIZATION_LEVEL = "-Onone";
			};
			name = Debug;
		};
		F24C0848266FD2A0008E7A21 /* Release */ = {
			isa = XCBuildConfiguration;
			buildSettings = {
				ALWAYS_SEARCH_USER_PATHS = NO;
				CLANG_ANALYZER_NONNULL = YES;
				CLANG_ANALYZER_NUMBER_OBJECT_CONVERSION = YES_AGGRESSIVE;
				CLANG_CXX_LANGUAGE_STANDARD = "gnu++14";
				CLANG_CXX_LIBRARY = "libc++";
				CLANG_ENABLE_MODULES = YES;
				CLANG_ENABLE_OBJC_ARC = YES;
				CLANG_ENABLE_OBJC_WEAK = YES;
				CLANG_WARN_BLOCK_CAPTURE_AUTORELEASING = YES;
				CLANG_WARN_BOOL_CONVERSION = YES;
				CLANG_WARN_COMMA = YES;
				CLANG_WARN_CONSTANT_CONVERSION = YES;
				CLANG_WARN_DEPRECATED_OBJC_IMPLEMENTATIONS = YES;
				CLANG_WARN_DIRECT_OBJC_ISA_USAGE = YES_ERROR;
				CLANG_WARN_DOCUMENTATION_COMMENTS = YES;
				CLANG_WARN_EMPTY_BODY = YES;
				CLANG_WARN_ENUM_CONVERSION = YES;
				CLANG_WARN_INFINITE_RECURSION = YES;
				CLANG_WARN_INT_CONVERSION = YES;
				CLANG_WARN_NON_LITERAL_NULL_CONVERSION = YES;
				CLANG_WARN_OBJC_IMPLICIT_RETAIN_SELF = YES;
				CLANG_WARN_OBJC_LITERAL_CONVERSION = YES;
				CLANG_WARN_OBJC_ROOT_CLASS = YES_ERROR;
				CLANG_WARN_QUOTED_INCLUDE_IN_FRAMEWORK_HEADER = YES;
				CLANG_WARN_RANGE_LOOP_ANALYSIS = YES;
				CLANG_WARN_STRICT_PROTOTYPES = YES;
				CLANG_WARN_SUSPICIOUS_MOVE = YES;
				CLANG_WARN_UNGUARDED_AVAILABILITY = YES_AGGRESSIVE;
				CLANG_WARN_UNREACHABLE_CODE = YES;
				CLANG_WARN__DUPLICATE_METHOD_MATCH = YES;
				COPY_PHASE_STRIP = NO;
				DEBUG_INFORMATION_FORMAT = "dwarf-with-dsym";
				ENABLE_NS_ASSERTIONS = NO;
				ENABLE_STRICT_OBJC_MSGSEND = YES;
				GCC_C_LANGUAGE_STANDARD = gnu11;
				GCC_NO_COMMON_BLOCKS = YES;
				GCC_WARN_64_TO_32_BIT_CONVERSION = YES;
				GCC_WARN_ABOUT_RETURN_TYPE = YES_ERROR;
				GCC_WARN_UNDECLARED_SELECTOR = YES;
				GCC_WARN_UNINITIALIZED_AUTOS = YES_AGGRESSIVE;
				GCC_WARN_UNUSED_FUNCTION = YES;
				GCC_WARN_UNUSED_VARIABLE = YES;
				IPHONEOS_DEPLOYMENT_TARGET = 14.4;
				MTL_ENABLE_DEBUG_INFO = NO;
				MTL_FAST_MATH = YES;
				SDKROOT = iphoneos;
				SWIFT_COMPILATION_MODE = wholemodule;
				SWIFT_OPTIMIZATION_LEVEL = "-O";
				VALIDATE_PRODUCT = YES;
			};
			name = Release;
		};
		F24C084A266FD2A0008E7A21 /* Debug */ = {
			isa = XCBuildConfiguration;
			buildSettings = {
				ASSETCATALOG_COMPILER_APPICON_NAME = AppIcon;
				ASSETCATALOG_COMPILER_GLOBAL_ACCENT_COLOR_NAME = AccentColor;
				CODE_SIGN_STYLE = Automatic;
				DEVELOPMENT_TEAM = 6KRP33G66M;
				INFOPLIST_FILE = Mandala/Info.plist;
				LD_RUNPATH_SEARCH_PATHS = (
					"$(inherited)",
					"@executable_path/Frameworks",
				);
				PRODUCT_BUNDLE_IDENTIFIER = com.asilvag.Mandala;
				PRODUCT_NAME = "$(TARGET_NAME)";
				SWIFT_VERSION = 5.0;
				TARGETED_DEVICE_FAMILY = "1,2";
			};
			name = Debug;
		};
		F24C084B266FD2A0008E7A21 /* Release */ = {
			isa = XCBuildConfiguration;
			buildSettings = {
				ASSETCATALOG_COMPILER_APPICON_NAME = AppIcon;
				ASSETCATALOG_COMPILER_GLOBAL_ACCENT_COLOR_NAME = AccentColor;
				CODE_SIGN_STYLE = Automatic;
				DEVELOPMENT_TEAM = 6KRP33G66M;
				INFOPLIST_FILE = Mandala/Info.plist;
				LD_RUNPATH_SEARCH_PATHS = (
					"$(inherited)",
					"@executable_path/Frameworks",
				);
				PRODUCT_BUNDLE_IDENTIFIER = com.asilvag.Mandala;
				PRODUCT_NAME = "$(TARGET_NAME)";
				SWIFT_VERSION = 5.0;
				TARGETED_DEVICE_FAMILY = "1,2";
			};
			name = Release;
		};
		F24C084D266FD2A0008E7A21 /* Debug */ = {
			isa = XCBuildConfiguration;
			buildSettings = {
				ALWAYS_EMBED_SWIFT_STANDARD_LIBRARIES = YES;
				BUNDLE_LOADER = "$(TEST_HOST)";
				CODE_SIGN_STYLE = Automatic;
				DEVELOPMENT_TEAM = 6KRP33G66M;
				INFOPLIST_FILE = MandalaTests/Info.plist;
				IPHONEOS_DEPLOYMENT_TARGET = 14.4;
				LD_RUNPATH_SEARCH_PATHS = (
					"$(inherited)",
					"@executable_path/Frameworks",
					"@loader_path/Frameworks",
				);
				PRODUCT_BUNDLE_IDENTIFIER = com.asilvag.MandalaTests;
				PRODUCT_NAME = "$(TARGET_NAME)";
				SWIFT_VERSION = 5.0;
				TARGETED_DEVICE_FAMILY = "1,2";
				TEST_HOST = "$(BUILT_PRODUCTS_DIR)/Mandala.app/Mandala";
			};
			name = Debug;
		};
		F24C084E266FD2A0008E7A21 /* Release */ = {
			isa = XCBuildConfiguration;
			buildSettings = {
				ALWAYS_EMBED_SWIFT_STANDARD_LIBRARIES = YES;
				BUNDLE_LOADER = "$(TEST_HOST)";
				CODE_SIGN_STYLE = Automatic;
				DEVELOPMENT_TEAM = 6KRP33G66M;
				INFOPLIST_FILE = MandalaTests/Info.plist;
				IPHONEOS_DEPLOYMENT_TARGET = 14.4;
				LD_RUNPATH_SEARCH_PATHS = (
					"$(inherited)",
					"@executable_path/Frameworks",
					"@loader_path/Frameworks",
				);
				PRODUCT_BUNDLE_IDENTIFIER = com.asilvag.MandalaTests;
				PRODUCT_NAME = "$(TARGET_NAME)";
				SWIFT_VERSION = 5.0;
				TARGETED_DEVICE_FAMILY = "1,2";
				TEST_HOST = "$(BUILT_PRODUCTS_DIR)/Mandala.app/Mandala";
			};
			name = Release;
		};
		F24C0850266FD2A0008E7A21 /* Debug */ = {
			isa = XCBuildConfiguration;
			buildSettings = {
				ALWAYS_EMBED_SWIFT_STANDARD_LIBRARIES = YES;
				CODE_SIGN_STYLE = Automatic;
				DEVELOPMENT_TEAM = 6KRP33G66M;
				INFOPLIST_FILE = MandalaUITests/Info.plist;
				LD_RUNPATH_SEARCH_PATHS = (
					"$(inherited)",
					"@executable_path/Frameworks",
					"@loader_path/Frameworks",
				);
				PRODUCT_BUNDLE_IDENTIFIER = com.asilvag.MandalaUITests;
				PRODUCT_NAME = "$(TARGET_NAME)";
				SWIFT_VERSION = 5.0;
				TARGETED_DEVICE_FAMILY = "1,2";
				TEST_TARGET_NAME = Mandala;
			};
			name = Debug;
		};
		F24C0851266FD2A0008E7A21 /* Release */ = {
			isa = XCBuildConfiguration;
			buildSettings = {
				ALWAYS_EMBED_SWIFT_STANDARD_LIBRARIES = YES;
				CODE_SIGN_STYLE = Automatic;
				DEVELOPMENT_TEAM = 6KRP33G66M;
				INFOPLIST_FILE = MandalaUITests/Info.plist;
				LD_RUNPATH_SEARCH_PATHS = (
					"$(inherited)",
					"@executable_path/Frameworks",
					"@loader_path/Frameworks",
				);
				PRODUCT_BUNDLE_IDENTIFIER = com.asilvag.MandalaUITests;
				PRODUCT_NAME = "$(TARGET_NAME)";
				SWIFT_VERSION = 5.0;
				TARGETED_DEVICE_FAMILY = "1,2";
				TEST_TARGET_NAME = Mandala;
			};
			name = Release;
		};
/* End XCBuildConfiguration section */

/* Begin XCConfigurationList section */
		F24C081A266FD298008E7A21 /* Build configuration list for PBXProject "Mandala" */ = {
			isa = XCConfigurationList;
			buildConfigurations = (
				F24C0847266FD2A0008E7A21 /* Debug */,
				F24C0848266FD2A0008E7A21 /* Release */,
			);
			defaultConfigurationIsVisible = 0;
			defaultConfigurationName = Release;
		};
		F24C0849266FD2A0008E7A21 /* Build configuration list for PBXNativeTarget "Mandala" */ = {
			isa = XCConfigurationList;
			buildConfigurations = (
				F24C084A266FD2A0008E7A21 /* Debug */,
				F24C084B266FD2A0008E7A21 /* Release */,
			);
			defaultConfigurationIsVisible = 0;
			defaultConfigurationName = Release;
		};
		F24C084C266FD2A0008E7A21 /* Build configuration list for PBXNativeTarget "MandalaTests" */ = {
			isa = XCConfigurationList;
			buildConfigurations = (
				F24C084D266FD2A0008E7A21 /* Debug */,
				F24C084E266FD2A0008E7A21 /* Release */,
			);
			defaultConfigurationIsVisible = 0;
			defaultConfigurationName = Release;
		};
		F24C084F266FD2A0008E7A21 /* Build configuration list for PBXNativeTarget "MandalaUITests" */ = {
			isa = XCConfigurationList;
			buildConfigurations = (
				F24C0850266FD2A0008E7A21 /* Debug */,
				F24C0851266FD2A0008E7A21 /* Release */,
			);
			defaultConfigurationIsVisible = 0;
			defaultConfigurationName = Release;
		};
/* End XCConfigurationList section */
	};
	rootObject = F24C0817266FD298008E7A21 /* Project object */;
}
